<?xml version="1.0" encoding="utf-8"?>
<Project ToolsVersion="4.0" xmlns="http://schemas.microsoft.com/developer/msbuild/2003">
  <ItemGroup>
    <Filter Include="Source Files">
      <UniqueIdentifier>{4FC737F1-C7A5-4376-A066-2A32D752A2FF}</UniqueIdentifier>
      <Extensions>cpp;c;cc;cxx;def;odl;idl;hpj;bat;asm;asmx</Extensions>
    </Filter>
    <Filter Include="Source Files\leetcode">
      <UniqueIdentifier>{9e45da3f-5f16-4a22-b4cf-749dffcacc0f}</UniqueIdentifier>
    </Filter>
    <Filter Include="Header Files">
      <UniqueIdentifier>{93995380-89BD-4b04-88EB-625FBE52EBFB}</UniqueIdentifier>
      <Extensions>h;hpp;hxx;hm;inl;inc;xsd</Extensions>
    </Filter>
    <Filter Include="Resource Files">
      <UniqueIdentifier>{67DA6AB6-F800-4c08-8B7A-83BB121AAD01}</UniqueIdentifier>
      <Extensions>rc;ico;cur;bmp;dlg;rc2;rct;bin;rgs;gif;jpg;jpeg;jpe;resx;tiff;tif;png;wav</Extensions>
    </Filter>
  </ItemGroup>
  <ItemGroup>
    <ClCompile Include="Leetcode.cpp">
      <Filter>Source Files</Filter>
    </ClCompile>
    <ClCompile Include="stdafx.cpp">
      <Filter>Source Files</Filter>
    </ClCompile>
    <ClCompile Include="3sum.cpp">
      <Filter>Source Files\leetcode</Filter>
    </ClCompile>
    <ClCompile Include="maxDepthBinaryTree.cpp">
      <Filter>Source Files\leetcode</Filter>
    </ClCompile>
    <ClCompile Include="reverseInteger.cpp">
      <Filter>Source Files\leetcode</Filter>
    </ClCompile>
    <ClCompile Include="sameTree.cpp">
      <Filter>Source Files\leetcode</Filter>
    </ClCompile>
    <ClCompile Include="singleNumber.cpp">
      <Filter>Source Files\leetcode</Filter>
    </ClCompile>
    <ClCompile Include="wordLader2.cpp">
      <Filter>Source Files\leetcode</Filter>
    </ClCompile>
    <ClCompile Include="wordLader2Use.cpp">
      <Filter>Source Files\leetcode</Filter>
    </ClCompile>
    <ClCompile Include="wordLadder2Solution.cpp">
      <Filter>Source Files\leetcode</Filter>
    </ClCompile>
    <ClCompile Include="SellStock2.cpp">
      <Filter>Source Files\leetcode</Filter>
    </ClCompile>
    <ClCompile Include="UniqueBST.cpp">
      <Filter>Source Files\leetcode</Filter>
    </ClCompile>
    <ClCompile Include="LinkedList.cpp">
      <Filter>Source Files\leetcode</Filter>
    </ClCompile>
    <ClCompile Include="MaxPointInLine.cpp">
      <Filter>Source Files\leetcode</Filter>
    </ClCompile>
    <ClCompile Include="PreorderTraversal.cpp">
      <Filter>Source Files\leetcode</Filter>
    </ClCompile>
    <ClCompile Include="SearchInsert.cpp">
      <Filter>Source Files\leetcode</Filter>
    </ClCompile>
    <ClCompile Include="InorderTraversal.cpp">
      <Filter>Source Files\leetcode</Filter>
    </ClCompile>
    <ClCompile Include="NextRightPointers.cpp">
      <Filter>Source Files\leetcode</Filter>
    </ClCompile>
    <ClCompile Include="DeduplicateSortedList.cpp">
      <Filter>Source Files\leetcode</Filter>
    </ClCompile>
    <ClCompile Include="ClimbStairs.cpp">
      <Filter>Source Files\leetcode</Filter>
    </ClCompile>
    <ClCompile Include="MaxSubarray.cpp">
      <Filter>Source Files\leetcode</Filter>
    </ClCompile>
    <ClCompile Include="RemoveElement.cpp">
      <Filter>Source Files\leetcode</Filter>
    </ClCompile>
    <ClCompile Include="Roman2Int.cpp">
      <Filter>Source Files\leetcode</Filter>
    </ClCompile>
    <ClCompile Include="singleNumber2.cpp">
      <Filter>Source Files\leetcode</Filter>
    </ClCompile>
    <ClCompile Include="sortedArray2BST.cpp">
      <Filter>Source Files\leetcode</Filter>
    </ClCompile>
    <ClCompile Include="isSymmetric.cpp">
      <Filter>Source Files\leetcode</Filter>
    </ClCompile>
    <ClCompile Include="MergeTwoList.cpp">
      <Filter>Source Files\leetcode</Filter>
    </ClCompile>
    <ClCompile Include="RemoveDuplicates.cpp">
      <Filter>Source Files\leetcode</Filter>
    </ClCompile>
    <ClCompile Include="PascalsTri.cpp">
      <Filter>Source Files\leetcode</Filter>
    </ClCompile>
    <ClCompile Include="MergeSortedArray.cpp">
      <Filter>Source Files\leetcode</Filter>
    </ClCompile>
    <ClCompile Include="isBalanced.cpp">
      <Filter>Source Files\leetcode</Filter>
    </ClCompile>
    <ClCompile Include="SwapPairs.cpp">
      <Filter>Source Files\leetcode</Filter>
    </ClCompile>
    <ClCompile Include="DetectCircle.cpp">
      <Filter>Source Files\leetcode</Filter>
    </ClCompile>
    <ClCompile Include="MaxProfit.cpp">
      <Filter>Source Files\leetcode</Filter>
    </ClCompile>
    <ClCompile Include="LevelOrderBottom.cpp">
      <Filter>Source Files\leetcode</Filter>
    </ClCompile>
    <ClCompile Include="permute.cpp">
      <Filter>Source Files\leetcode</Filter>
    </ClCompile>
    <ClCompile Include="GrayCode.cpp">
      <Filter>Source Files\leetcode</Filter>
    </ClCompile>
    <ClCompile Include="removeNthFromEnd.cpp">
      <Filter>Source Files\leetcode</Filter>
    </ClCompile>
    <ClCompile Include="SortColor.cpp">
      <Filter>Source Files\leetcode</Filter>
    </ClCompile>
    <ClCompile Include="Rotate.cpp">
      <Filter>Source Files\leetcode</Filter>
    </ClCompile>
    <ClCompile Include="UniquePath.cpp">
      <Filter>Source Files\leetcode</Filter>
    </ClCompile>
    <ClCompile Include="UniquePath2use.cpp">
      <Filter>Source Files\leetcode</Filter>
    </ClCompile>
    <ClCompile Include="MinPathSum.cpp">
      <Filter>Source Files\leetcode</Filter>
    </ClCompile>
    <ClCompile Include="MinPathSum2Use.cpp">
      <Filter>Source Files\leetcode</Filter>
    </ClCompile>
    <ClCompile Include="GenerateParenthesis.cpp">
      <Filter>Source Files\leetcode</Filter>
    </ClCompile>
    <ClCompile Include="MaxArea.cpp">
      <Filter>Source Files\leetcode</Filter>
    </ClCompile>
    <ClCompile Include="HasPathSum.cpp">
      <Filter>Source Files\leetcode</Filter>
    </ClCompile>
    <ClCompile Include="PlusOne.cpp">
      <Filter>Source Files\leetcode</Filter>
    </ClCompile>
    <ClCompile Include="SearchMatrix.cpp">
      <Filter>Source Files\leetcode</Filter>
    </ClCompile>
    <ClCompile Include="LevelOrder.cpp">
      <Filter>Source Files\leetcode</Filter>
    </ClCompile>
    <ClCompile Include="PostOrderTraversalcpp.cpp">
      <Filter>Source Files\leetcode</Filter>
    </ClCompile>
    <ClCompile Include="isPalindrome.cpp">
      <Filter>Source Files\leetcode</Filter>
    </ClCompile>
    <ClCompile Include="Combine.cpp">
      <Filter>Source Files\leetcode</Filter>
    </ClCompile>
    <ClCompile Include="SumNumbers.cpp">
      <Filter>Source Files\leetcode</Filter>
    </ClCompile>
    <ClCompile Include="MinDepth.cpp">
      <Filter>Source Files\leetcode</Filter>
    </ClCompile>
    <ClCompile Include="Search.cpp">
      <Filter>Source Files\leetcode</Filter>
    </ClCompile>
    <ClCompile Include="CanJump.cpp">
      <Filter>Source Files\leetcode</Filter>
    </ClCompile>
    <ClCompile Include="SetMatrixZeros.cpp">
      <Filter>Source Files\leetcode</Filter>
    </ClCompile>
    <ClCompile Include="TrappingRainWater.cpp">
      <Filter>Source Files\leetcode</Filter>
    </ClCompile>
    <ClCompile Include="LengthofLastWord.cpp">
      <Filter>Source Files\leetcode</Filter>
    </ClCompile>
    <ClCompile Include="IsValid.cpp">
      <Filter>Source Files\leetcode</Filter>
    </ClCompile>
    <ClCompile Include="SearchRange.cpp">
      <Filter>Source Files\leetcode</Filter>
    </ClCompile>
    <ClCompile Include="ThreeSumCloset.cpp">
      <Filter>Source Files\leetcode</Filter>
    </ClCompile>
    <ClCompile Include="LongestConsecutive.cpp">
      <Filter>Source Files\leetcode</Filter>
    </ClCompile>
    <ClCompile Include="LongestCommonPrefix.cpp">
      <Filter>Source Files\leetcode</Filter>
    </ClCompile>
    <ClCompile Include="Subsets.cpp">
      <Filter>Source Files\leetcode</Filter>
    </ClCompile>
    <ClCompile Include="SortedListToBST.cpp">
      <Filter>Source Files\leetcode</Filter>
    </ClCompile>
    <ClCompile Include="Flatten.cpp">
      <Filter>Source Files\leetcode</Filter>
    </ClCompile>
    <ClCompile Include="CountAndSay.cpp">
      <Filter>Source Files\leetcode</Filter>
    </ClCompile>
    <ClCompile Include="MiniTotal.cpp">
      <Filter>Source Files\leetcode</Filter>
    </ClCompile>
    <ClCompile Include="CombinationSum.cpp">
      <Filter>Source Files\leetcode</Filter>
    </ClCompile>
    <ClCompile Include="Partition.cpp">
      <Filter>Source Files\leetcode</Filter>
    </ClCompile>
    <ClCompile Include="Pow.cpp">
      <Filter>Source Files\leetcode</Filter>
    </ClCompile>
    <ClCompile Include="DuildTree.cpp">
      <Filter>Source Files\leetcode</Filter>
    </ClCompile>
    <ClCompile Include="NextPermutation.cpp">
      <Filter>Source Files\leetcode</Filter>
    </ClCompile>
    <ClCompile Include="RemoveDuplicate.cpp">
      <Filter>Source Files\leetcode</Filter>
    </ClCompile>
    <ClCompile Include="LetterCombination.cpp">
      <Filter>Source Files\leetcode</Filter>
    </ClCompile>
    <ClCompile Include="GenerateTrees.cpp">
      <Filter>Source Files\leetcode</Filter>
    </ClCompile>
    <ClCompile Include="IsValidBST.cpp">
      <Filter>Source Files\leetcode</Filter>
    </ClCompile>
    <ClCompile Include="permuteII.cpp">
      <Filter>Source Files\leetcode</Filter>
    </ClCompile>
    <ClCompile Include="ZigZagLevelOrder.cpp">
      <Filter>Source Files\leetcode</Filter>
    </ClCompile>
    <ClCompile Include="BuildTree.cpp">
      <Filter>Source Files\leetcode</Filter>
    </ClCompile>
    <ClCompile Include="PalindromePartiion.cpp">
      <Filter>Source Files\leetcode</Filter>
    </ClCompile>
    <ClCompile Include="ReverseBetween.cpp">
      <Filter>Source Files\leetcode</Filter>
    </ClCompile>
    <ClCompile Include="AddBinary.cpp">
      <Filter>Source Files\leetcode</Filter>
    </ClCompile>
    <ClCompile Include="BuildTreePreIn.cpp">
      <Filter>Source Files\leetcode</Filter>
    </ClCompile>
    <ClCompile Include="SpiralMatrix.cpp">
      <Filter>Source Files\leetcode</Filter>
    </ClCompile>
    <ClCompile Include="InsertionSortList.cpp">
      <Filter>Source Files\leetcode</Filter>
    </ClCompile>
    <ClCompile Include="PathSumII.cpp">
      <Filter>Source Files\leetcode</Filter>
    </ClCompile>
    <ClCompile Include="DeleteDuplicatesII.cpp">
      <Filter>Source Files\leetcode</Filter>
    </ClCompile>
    <ClCompile Include="GasStation.cpp">
      <Filter>Source Files\leetcode</Filter>
    </ClCompile>
    <ClCompile Include="JumpGameII.cpp">
      <Filter>Source Files\leetcode</Filter>
    </ClCompile>
    <ClCompile Include="SpiralMatrixII.cpp">
      <Filter>Source Files\leetcode</Filter>
    </ClCompile>
    <ClCompile Include="PascalTriII.cpp">
      <Filter>Source Files\leetcode</Filter>
    </ClCompile>
    <ClCompile Include="SearchRotatedII.cpp">
      <Filter>Source Files\leetcode</Filter>
    </ClCompile>
    <ClCompile Include="NumDistinct.cpp">
      <Filter>Source Files\leetcode</Filter>
    </ClCompile>
    <ClCompile Include="NextRightPointersII.cpp">
      <Filter>Source Files\leetcode</Filter>
    </ClCompile>
    <ClCompile Include="CombinationSumII.cpp">
      <Filter>Source Files\leetcode</Filter>
    </ClCompile>
    <ClCompile Include="ReverseKGroup.cpp">
      <Filter>Source Files\leetcode</Filter>
    </ClCompile>
    <ClCompile Include="SubsetII.cpp">
      <Filter>Source Files\leetcode</Filter>
    </ClCompile>
    <ClCompile Include="UniquePathsWithObstacles.cpp">
      <Filter>Source Files\leetcode</Filter>
    </ClCompile>
    <ClCompile Include="firstMissingPositive.cpp">
      <Filter>Source Files\leetcode</Filter>
    </ClCompile>
    <ClCompile Include="isPalindromeStr.cpp">
      <Filter>Source Files\leetcode</Filter>
    </ClCompile>
    <ClCompile Include="AddTwoNumbers.cpp">
      <Filter>Source Files\leetcode</Filter>
    </ClCompile>
    <ClCompile Include="CopyRandomList.cpp">
      <Filter>Source Files\leetcode</Filter>
    </ClCompile>
  </ItemGroup>
  <ItemGroup>
    <ClInclude Include="stdafx.h">
      <Filter>Header Files</Filter>
    </ClInclude>
    <ClInclude Include="targetver.h">
      <Filter>Header Files</Filter>
    </ClInclude>
    <ClInclude Include="use_me.h">
      <Filter>Header Files</Filter>
    </ClInclude>
    <ClInclude Include="use_solution.h">
      <Filter>Header Files</Filter>
    </ClInclude>
  </ItemGroup>
  <ItemGroup>
    <Text Include="ReadMe.txt" />
  </ItemGroup>
</Project>